
Microsoft Visual Studio Solution File, Format Version 12.00
# Visual Studio 2013
VisualStudioVersion = 12.0.40629.0
MinimumVisualStudioVersion = 10.0.40219.1
Project("{2150E333-8FDC-42A3-9474-1A3956D46DE8}") = "UI", "UI", "{042CC406-5F8E-4E17-BF13-9B61AE9DEAAB}"
	ProjectSection(SolutionItems) = preProject
		Ecommerce.Repository\Class1.cs = Ecommerce.Repository\Class1.cs
	EndProjectSection
EndProject
Project("{FAE04EC0-301F-11D3-BF4B-00C04F79EFBC}") = "Ecommerce.Web", "Ecommerce.Web\Ecommerce.Web.csproj", "{EF04B611-5DB9-42F0-A1AB-B9CFFDBC88B9}"
EndProject
Project("{FAE04EC0-301F-11D3-BF4B-00C04F79EFBC}") = "Ecommerce.Web.Tests", "Ecommerce.Web.Tests\Ecommerce.Web.Tests.csproj", "{595A2857-6BF4-4044-8689-28FE4AE8A0ED}"
EndProject
Project("{FAE04EC0-301F-11D3-BF4B-00C04F79EFBC}") = "Ecommerce.Domain", "Ecoomerce.Domain\Ecommerce.Domain.csproj", "{4C43C9EF-87C0-4B0D-9CDF-770F3305D096}"
EndProject
Project("{FAE04EC0-301F-11D3-BF4B-00C04F79EFBC}") = "Ecommerce.Domain.Tests", "Ecommerce.Domain.Tests\Ecommerce.Domain.Tests.csproj", "{521A9FEB-E91A-4CE1-843C-1A4A7D83C26E}"
EndProject
Project("{2150E333-8FDC-42A3-9474-1A3956D46DE8}") = "Domain", "Domain", "{EAB77781-59E4-4E30-89E0-178514F6C3DC}"
EndProject
Project("{2150E333-8FDC-42A3-9474-1A3956D46DE8}") = "StatUp", "StatUp", "{00FA6C9C-87F8-4F22-8495-FDEF599EEE86}"
EndProject
Project("{FAE04EC0-301F-11D3-BF4B-00C04F79EFBC}") = "Ecommerce.StartUp", "Ecommerce.StartUp\Ecommerce.StartUp.csproj", "{5FA58F85-2536-42DA-B873-76F992A5087C}"
EndProject
Project("{FAE04EC0-301F-11D3-BF4B-00C04F79EFBC}") = "Ecommerce.StartUp.Tests", "Ecommerce.StartUp.Tests\Ecommerce.StartUp.Tests.csproj", "{F07BC6FA-7CD2-44B1-B94E-D050C9C27742}"
EndProject
Project("{2150E333-8FDC-42A3-9474-1A3956D46DE8}") = "Helpers", "Helpers", "{B0001CF1-E94D-4263-B486-A7B2E0F6402E}"
EndProject
Project("{FAE04EC0-301F-11D3-BF4B-00C04F79EFBC}") = "Ecommerce.Helpers.Tests", "Ecommerce.Helpers.Tests\Ecommerce.Helpers.Tests.csproj", "{267D8E9C-D47A-4500-B163-6C9BFE52409E}"
EndProject
Project("{FAE04EC0-301F-11D3-BF4B-00C04F79EFBC}") = "Ecommerce.Helpers", "Ecommerce.Helpers\Ecommerce.Helpers.csproj", "{5D5528F4-7125-47D9-90A6-57FAD3B3DB62}"
EndProject
Project("{2150E333-8FDC-42A3-9474-1A3956D46DE8}") = "App", "App", "{41E3425D-C9F1-4AF3-A5B6-06264AB1A95C}"
EndProject
Project("{FAE04EC0-301F-11D3-BF4B-00C04F79EFBC}") = "Ecommerce.App", "Ecommerce.App\Ecommerce.App.csproj", "{E200195E-8720-473E-A649-D4F598D9D87D}"
EndProject
Project("{FAE04EC0-301F-11D3-BF4B-00C04F79EFBC}") = "Ecommerce.App.Tests", "Ecommerce.App.Tests\Ecommerce.App.Tests.csproj", "{6A3B9776-57C6-426C-9788-66ABA860B6BA}"
EndProject
Project("{2150E333-8FDC-42A3-9474-1A3956D46DE8}") = "Repositories", "Repositories", "{FAB53753-6A60-40A6-9388-FEC51FC389F9}"
EndProject
Project("{FAE04EC0-301F-11D3-BF4B-00C04F79EFBC}") = "Ecommerce.Repository", "Ecommerce.Repository\Ecommerce.Repository.csproj", "{8163C4FC-4BE8-4A8C-BB89-F9014F6EC652}"
EndProject
Global
	GlobalSection(SolutionConfigurationPlatforms) = preSolution
		Debug|Any CPU = Debug|Any CPU
		Release|Any CPU = Release|Any CPU
	EndGlobalSection
	GlobalSection(ProjectConfigurationPlatforms) = postSolution
		{EF04B611-5DB9-42F0-A1AB-B9CFFDBC88B9}.Debug|Any CPU.ActiveCfg = Debug|Any CPU
		{EF04B611-5DB9-42F0-A1AB-B9CFFDBC88B9}.Debug|Any CPU.Build.0 = Debug|Any CPU
		{EF04B611-5DB9-42F0-A1AB-B9CFFDBC88B9}.Release|Any CPU.ActiveCfg = Release|Any CPU
		{EF04B611-5DB9-42F0-A1AB-B9CFFDBC88B9}.Release|Any CPU.Build.0 = Release|Any CPU
		{595A2857-6BF4-4044-8689-28FE4AE8A0ED}.Debug|Any CPU.ActiveCfg = Debug|Any CPU
		{595A2857-6BF4-4044-8689-28FE4AE8A0ED}.Debug|Any CPU.Build.0 = Debug|Any CPU
		{595A2857-6BF4-4044-8689-28FE4AE8A0ED}.Release|Any CPU.ActiveCfg = Release|Any CPU
		{595A2857-6BF4-4044-8689-28FE4AE8A0ED}.Release|Any CPU.Build.0 = Release|Any CPU
		{4C43C9EF-87C0-4B0D-9CDF-770F3305D096}.Debug|Any CPU.ActiveCfg = Debug|Any CPU
		{4C43C9EF-87C0-4B0D-9CDF-770F3305D096}.Debug|Any CPU.Build.0 = Debug|Any CPU
		{4C43C9EF-87C0-4B0D-9CDF-770F3305D096}.Release|Any CPU.ActiveCfg = Release|Any CPU
		{4C43C9EF-87C0-4B0D-9CDF-770F3305D096}.Release|Any CPU.Build.0 = Release|Any CPU
		{521A9FEB-E91A-4CE1-843C-1A4A7D83C26E}.Debug|Any CPU.ActiveCfg = Debug|Any CPU
		{521A9FEB-E91A-4CE1-843C-1A4A7D83C26E}.Debug|Any CPU.Build.0 = Debug|Any CPU
		{521A9FEB-E91A-4CE1-843C-1A4A7D83C26E}.Release|Any CPU.ActiveCfg = Release|Any CPU
		{521A9FEB-E91A-4CE1-843C-1A4A7D83C26E}.Release|Any CPU.Build.0 = Release|Any CPU
		{5FA58F85-2536-42DA-B873-76F992A5087C}.Debug|Any CPU.ActiveCfg = Debug|Any CPU
		{5FA58F85-2536-42DA-B873-76F992A5087C}.Debug|Any CPU.Build.0 = Debug|Any CPU
		{5FA58F85-2536-42DA-B873-76F992A5087C}.Release|Any CPU.ActiveCfg = Release|Any CPU
		{5FA58F85-2536-42DA-B873-76F992A5087C}.Release|Any CPU.Build.0 = Release|Any CPU
		{F07BC6FA-7CD2-44B1-B94E-D050C9C27742}.Debug|Any CPU.ActiveCfg = Debug|Any CPU
		{F07BC6FA-7CD2-44B1-B94E-D050C9C27742}.Debug|Any CPU.Build.0 = Debug|Any CPU
		{F07BC6FA-7CD2-44B1-B94E-D050C9C27742}.Release|Any CPU.ActiveCfg = Release|Any CPU
		{F07BC6FA-7CD2-44B1-B94E-D050C9C27742}.Release|Any CPU.Build.0 = Release|Any CPU
		{267D8E9C-D47A-4500-B163-6C9BFE52409E}.Debug|Any CPU.ActiveCfg = Debug|Any CPU
		{267D8E9C-D47A-4500-B163-6C9BFE52409E}.Debug|Any CPU.Build.0 = Debug|Any CPU
		{267D8E9C-D47A-4500-B163-6C9BFE52409E}.Release|Any CPU.ActiveCfg = Release|Any CPU
		{267D8E9C-D47A-4500-B163-6C9BFE52409E}.Release|Any CPU.Build.0 = Release|Any CPU
		{5D5528F4-7125-47D9-90A6-57FAD3B3DB62}.Debug|Any CPU.ActiveCfg = Debug|Any CPU
		{5D5528F4-7125-47D9-90A6-57FAD3B3DB62}.Debug|Any CPU.Build.0 = Debug|Any CPU
		{5D5528F4-7125-47D9-90A6-57FAD3B3DB62}.Release|Any CPU.ActiveCfg = Release|Any CPU
		{5D5528F4-7125-47D9-90A6-57FAD3B3DB62}.Release|Any CPU.Build.0 = Release|Any CPU
		{E200195E-8720-473E-A649-D4F598D9D87D}.Debug|Any CPU.ActiveCfg = Debug|Any CPU
		{E200195E-8720-473E-A649-D4F598D9D87D}.Debug|Any CPU.Build.0 = Debug|Any CPU
		{E200195E-8720-473E-A649-D4F598D9D87D}.Release|Any CPU.ActiveCfg = Release|Any CPU
		{E200195E-8720-473E-A649-D4F598D9D87D}.Release|Any CPU.Build.0 = Release|Any CPU
		{6A3B9776-57C6-426C-9788-66ABA860B6BA}.Debug|Any CPU.ActiveCfg = Debug|Any CPU
		{6A3B9776-57C6-426C-9788-66ABA860B6BA}.Debug|Any CPU.Build.0 = Debug|Any CPU
		{6A3B9776-57C6-426C-9788-66ABA860B6BA}.Release|Any CPU.ActiveCfg = Release|Any CPU
		{6A3B9776-57C6-426C-9788-66ABA860B6BA}.Release|Any CPU.Build.0 = Release|Any CPU
		{8163C4FC-4BE8-4A8C-BB89-F9014F6EC652}.Debug|Any CPU.ActiveCfg = Debug|Any CPU
		{8163C4FC-4BE8-4A8C-BB89-F9014F6EC652}.Debug|Any CPU.Build.0 = Debug|Any CPU
		{8163C4FC-4BE8-4A8C-BB89-F9014F6EC652}.Release|Any CPU.ActiveCfg = Release|Any CPU
		{8163C4FC-4BE8-4A8C-BB89-F9014F6EC652}.Release|Any CPU.Build.0 = Release|Any CPU
	EndGlobalSection
	GlobalSection(SolutionProperties) = preSolution
		HideSolutionNode = FALSE
	EndGlobalSection
	GlobalSection(NestedProjects) = preSolution
		{EF04B611-5DB9-42F0-A1AB-B9CFFDBC88B9} = {042CC406-5F8E-4E17-BF13-9B61AE9DEAAB}
		{595A2857-6BF4-4044-8689-28FE4AE8A0ED} = {042CC406-5F8E-4E17-BF13-9B61AE9DEAAB}
		{4C43C9EF-87C0-4B0D-9CDF-770F3305D096} = {EAB77781-59E4-4E30-89E0-178514F6C3DC}
		{521A9FEB-E91A-4CE1-843C-1A4A7D83C26E} = {EAB77781-59E4-4E30-89E0-178514F6C3DC}
		{5FA58F85-2536-42DA-B873-76F992A5087C} = {00FA6C9C-87F8-4F22-8495-FDEF599EEE86}
		{F07BC6FA-7CD2-44B1-B94E-D050C9C27742} = {00FA6C9C-87F8-4F22-8495-FDEF599EEE86}
		{267D8E9C-D47A-4500-B163-6C9BFE52409E} = {B0001CF1-E94D-4263-B486-A7B2E0F6402E}
		{5D5528F4-7125-47D9-90A6-57FAD3B3DB62} = {B0001CF1-E94D-4263-B486-A7B2E0F6402E}
		{E200195E-8720-473E-A649-D4F598D9D87D} = {41E3425D-C9F1-4AF3-A5B6-06264AB1A95C}
		{6A3B9776-57C6-426C-9788-66ABA860B6BA} = {41E3425D-C9F1-4AF3-A5B6-06264AB1A95C}
		{8163C4FC-4BE8-4A8C-BB89-F9014F6EC652} = {FAB53753-6A60-40A6-9388-FEC51FC389F9}
	EndGlobalSection
EndGlobal
